// !$*UTF8*$!
{
	archiveVersion = 1;
	classes = {
	};
	objectVersion = 56;
	objects = {

/* Begin PBXBuildFile section */
		FA2EBD452853DB8F00DEA47C /* ColorPalettesInterpolationApp.swift in Sources */ = {isa = PBXBuildFile; fileRef = FA2EBD442853DB8F00DEA47C /* ColorPalettesInterpolationApp.swift */; };
		FA2EBD472853DB8F00DEA47C /* ContentView.swift in Sources */ = {isa = PBXBuildFile; fileRef = FA2EBD462853DB8F00DEA47C /* ContentView.swift */; };
		FA2EBD492853DB9000DEA47C /* Assets.xcassets in Resources */ = {isa = PBXBuildFile; fileRef = FA2EBD482853DB9000DEA47C /* Assets.xcassets */; };
		FA2EBD4D2853DB9000DEA47C /* Preview Assets.xcassets in Resources */ = {isa = PBXBuildFile; fileRef = FA2EBD4C2853DB9000DEA47C /* Preview Assets.xcassets */; };
		FA2EBD542853EB5200DEA47C /* Extensions.swift in Sources */ = {isa = PBXBuildFile; fileRef = FA2EBD532853EB5200DEA47C /* Extensions.swift */; };
		FA2EBD562853EB9900DEA47C /* ColorPalettesView.swift in Sources */ = {isa = PBXBuildFile; fileRef = FA2EBD552853EB9900DEA47C /* ColorPalettesView.swift */; };
/* End PBXBuildFile section */

/* Begin PBXFileReference section */
		FA2EBD412853DB8F00DEA47C /* ColorPalettesInterpolation.app */ = {isa = PBXFileReference; explicitFileType = wrapper.application; includeInIndex = 0; path = ColorPalettesInterpolation.app; sourceTree = BUILT_PRODUCTS_DIR; };
		FA2EBD442853DB8F00DEA47C /* ColorPalettesInterpolationApp.swift */ = {isa = PBXFileReference; lastKnownFileType = sourcecode.swift; path = ColorPalettesInterpolationApp.swift; sourceTree = "<group>"; };
		FA2EBD462853DB8F00DEA47C /* ContentView.swift */ = {isa = PBXFileReference; lastKnownFileType = sourcecode.swift; path = ContentView.swift; sourceTree = "<group>"; };
		FA2EBD482853DB9000DEA47C /* Assets.xcassets */ = {isa = PBXFileReference; lastKnownFileType = folder.assetcatalog; path = Assets.xcassets; sourceTree = "<group>"; };
		FA2EBD4A2853DB9000DEA47C /* ColorPalettesInterpolation.entitlements */ = {isa = PBXFileReference; lastKnownFileType = text.plist.entitlements; path = ColorPalettesInterpolation.entitlements; sourceTree = "<group>"; };
		FA2EBD4C2853DB9000DEA47C /* Preview Assets.xcassets */ = {isa = PBXFileReference; lastKnownFileType = folder.assetcatalog; path = "Preview Assets.xcassets"; sourceTree = "<group>"; };
		FA2EBD532853EB5200DEA47C /* Extensions.swift */ = {isa = PBXFileReference; lastKnownFileType = sourcecode.swift; path = Extensions.swift; sourceTree = "<group>"; };
		FA2EBD552853EB9900DEA47C /* ColorPalettesView.swift */ = {isa = PBXFileReference; lastKnownFileType = sourcecode.swift; path = ColorPalettesView.swift; sourceTree = "<group>"; };
/* End PBXFileReference section */

/* Begin PBXFrameworksBuildPhase section */
		FA2EBD3E2853DB8F00DEA47C /* Frameworks */ = {
			isa = PBXFrameworksBuildPhase;
			buildActionMask = 2147483647;
			files = (
			);
			runOnlyForDeploymentPostprocessing = 0;
		};
/* End PBXFrameworksBuildPhase section */

/* Begin PBXGroup section */
		FA2EBD382853DB8F00DEA47C = {
			isa = PBXGroup;
			children = (
				FA2EBD432853DB8F00DEA47C /* ColorPalettesInterpolation */,
				FA2EBD422853DB8F00DEA47C /* Products */,
			);
			sourceTree = "<group>";
		};
		FA2EBD422853DB8F00DEA47C /* Products */ = {
			isa = PBXGroup;
			children = (
				FA2EBD412853DB8F00DEA47C /* ColorPalettesInterpolation.app */,
			);
			name = Products;
			sourceTree = "<group>";
		};
		FA2EBD432853DB8F00DEA47C /* ColorPalettesInterpolation */ = {
			isa = PBXGroup;
			children = (
				FA2EBD442853DB8F00DEA47C /* ColorPalettesInterpolationApp.swift */,
				FA2EBD462853DB8F00DEA47C /* ContentView.swift */,
				FA2EBD532853EB5200DEA47C /* Extensions.swift */,
				FA2EBD552853EB9900DEA47C /* ColorPalettesView.swift */,
				FA2EBD482853DB9000DEA47C /* Assets.xcassets */,
				FA2EBD4A2853DB9000DEA47C /* ColorPalettesInterpolation.entitlements */,
				FA2EBD4B2853DB9000DEA47C /* Preview Content */,
			);
			path = ColorPalettesInterpolation;
			sourceTree = "<group>";
		};
		FA2EBD4B2853DB9000DEA47C /* Preview Content */ = {
			isa = PBXGroup;
			children = (
				FA2EBD4C2853DB9000DEA47C /* Preview Assets.xcassets */,
			);
			path = "Preview Content";
			sourceTree = "<group>";
		};
/* End PBXGroup section */

/* Begin PBXNativeTarget section */
		FA2EBD402853DB8F00DEA47C /* ColorPalettesInterpolation */ = {
			isa = PBXNativeTarget;
			buildConfigurationList = FA2EBD502853DB9000DEA47C /* Build configuration list for PBXNativeTarget "ColorPalettesInterpolation" */;
			buildPhases = (
				FA2EBD3D2853DB8F00DEA47C /* Sources */,
				FA2EBD3E2853DB8F00DEA47C /* Frameworks */,
				FA2EBD3F2853DB8F00DEA47C /* Resources */,
			);
			buildRules = (
			);
			dependencies = (
			);
			name = ColorPalettesInterpolation;
			productName = ColorPalettesInterpolation;
			productReference = FA2EBD412853DB8F00DEA47C /* ColorPalettesInterpolation.app */;
			productType = "com.apple.product-type.application";
		};
/* End PBXNativeTarget section */

/* Begin PBXProject section */
		FA2EBD392853DB8F00DEA47C /* Project object */ = {
			isa = PBXProject;
			attributes = {
				BuildIndependentTargetsInParallel = 1;
				LastSwiftUpdateCheck = 1400;
				LastUpgradeCheck = 1400;
				TargetAttributes = {
					FA2EBD402853DB8F00DEA47C = {
						CreatedOnToolsVersion = 14.0;
					};
				};
			};
			buildConfigurationList = FA2EBD3C2853DB8F00DEA47C /* Build configuration list for PBXProject "ColorPalettesInterpolation" */;
			compatibilityVersion = "Xcode 14.0";
			developmentRegion = en;
			hasScannedForEncodings = 0;
			knownRegions = (
				en,
				Base,
			);
			mainGroup = FA2EBD382853DB8F00DEA47C;
			productRefGroup = FA2EBD422853DB8F00DEA47C /* Products */;
			projectDirPath = "";
			projectRoot = "";
			targets = (
				FA2EBD402853DB8F00DEA47C /* ColorPalettesInterpolation */,
			);
		};
/* End PBXProject section */

/* Begin PBXResourcesBuildPhase section */
		FA2EBD3F2853DB8F00DEA47C /* Resources */ = {
			isa = PBXResourcesBuildPhase;
			buildActionMask = 2147483647;
			files = (
				FA2EBD4D2853DB9000DEA47C /* Preview Assets.xcassets in Resources */,
				FA2EBD492853DB9000DEA47C /* Assets.xcassets in Resources */,
			);
			runOnlyForDeploymentPostprocessing = 0;
		};
/* End PBXResourcesBuildPhase section */

/* Begin PBXSourcesBuildPhase section */
		FA2EBD3D2853DB8F00DEA47C /* Sources */ = {
			isa = PBXSourcesBuildPhase;
			buildActionMask = 2147483647;
			files = (
				FA2EBD472853DB8F00DEA47C /* ContentView.swift in Sources */,
				FA2EBD542853EB5200DEA47C /* Extensions.swift in Sources */,
				FA2EBD562853EB9900DEA47C /* ColorPalettesView.swift in Sources */,
				FA2EBD452853DB8F00DEA47C /* ColorPalettesInterpolationApp.swift in Sources */,
			);
			runOnlyForDeploymentPostprocessing = 0;
		};
/* End PBXSourcesBuildPhase section */

/* Begin XCBuildConfiguration section */
		FA2EBD4E2853DB9000DEA47C /* Debug */ = {
			isa = XCBuildConfiguration;
			buildSettings = {
				ALWAYS_SEARCH_USER_PATHS = NO;
				CLANG_ANALYZER_NONNULL = YES;
				CLANG_ANALYZER_NUMBER_OBJECT_CONVERSION = YES_AGGRESSIVE;
				CLANG_CXX_LANGUAGE_STANDARD = "gnu++17";
				CLANG_ENABLE_MODULES = YES;
				CLANG_ENABLE_OBJC_ARC = YES;
				CLANG_ENABLE_OBJC_WEAK = YES;
				CLANG_WARN_BLOCK_CAPTURE_AUTORELEASING = YES;
				CLANG_WARN_BOOL_CONVERSION = YES;
				CLANG_WARN_COMMA = YES;
				CLANG_WARN_CONSTANT_CONVERSION = YES;
				CLANG_WARN_DEPRECATED_OBJC_IMPLEMENTATIONS = YES;
				CLANG_WARN_DIRECT_OBJC_ISA_USAGE = YES_ERROR;
				CLANG_WARN_DOCUMENTATION_COMMENTS = YES;
				CLANG_WARN_EMPTY_BODY = YES;
				CLANG_WARN_ENUM_CONVERSION = YES;
				CLANG_WARN_INFINITE_RECURSION = YES;
				CLANG_WARN_INT_CONVERSION = YES;
				CLANG_WARN_NON_LITERAL_NULL_CONVERSION = YES;
				CLANG_WARN_OBJC_IMPLICIT_RETAIN_SELF = YES;
				CLANG_WARN_OBJC_LITERAL_CONVERSION = YES;
				CLANG_WARN_OBJC_ROOT_CLASS = YES_ERROR;
				CLANG_WARN_QUOTED_INCLUDE_IN_FRAMEWORK_HEADER = YES;
				CLANG_WARN_RANGE_LOOP_ANALYSIS = YES;
				CLANG_WARN_STRICT_PROTOTYPES = YES;
				CLANG_WARN_SUSPICIOUS_MOVE = YES;
				CLANG_WARN_UNGUARDED_AVAILABILITY = YES_AGGRESSIVE;
				CLANG_WARN_UNREACHABLE_CODE = YES;
				CLANG_WARN__DUPLICATE_METHOD_MATCH = YES;
				COPY_PHASE_STRIP = NO;
				DEBUG_INFORMATION_FORMAT = dwarf;
				ENABLE_STRICT_OBJC_MSGSEND = YES;
				ENABLE_TESTABILITY = YES;
				GCC_C_LANGUAGE_STANDARD = gnu11;
				GCC_DYNAMIC_NO_PIC = NO;
				GCC_NO_COMMON_BLOCKS = YES;
				GCC_OPTIMIZATION_LEVEL = 0;
				GCC_PREPROCESSOR_DEFINITIONS = (
					"DEBUG=1",
					"$(inherited)",
				);
				GCC_WARN_64_TO_32_BIT_CONVERSION = YES;
				GCC_WARN_ABOUT_RETURN_TYPE = YES_ERROR;
				GCC_WARN_UNDECLARED_SELECTOR = YES;
				GCC_WARN_UNINITIALIZED_AUTOS = YES_AGGRESSIVE;
				GCC_WARN_UNUSED_FUNCTION = YES;
				GCC_WARN_UNUSED_VARIABLE = YES;
				MTL_ENABLE_DEBUG_INFO = INCLUDE_SOURCE;
				MTL_FAST_MATH = YES;
				ONLY_ACTIVE_ARCH = YES;
				SWIFT_ACTIVE_COMPILATION_CONDITIONS = DEBUG;
				SWIFT_OPTIMIZATION_LEVEL = "-Onone";
			};
			name = Debug;
		};
		FA2EBD4F2853DB9000DEA47C /* Release */ = {
			isa = XCBuildConfiguration;
			buildSettings = {
				ALWAYS_SEARCH_USER_PATHS = NO;
				CLANG_ANALYZER_NONNULL = YES;
				CLANG_ANALYZER_NUMBER_OBJECT_CONVERSION = YES_AGGRESSIVE;
				CLANG_CXX_LANGUAGE_STANDARD = "gnu++17";
				CLANG_ENABLE_MODULES = YES;
				CLANG_ENABLE_OBJC_ARC = YES;
				CLANG_ENABLE_OBJC_WEAK = YES;
				CLANG_WARN_BLOCK_CAPTURE_AUTORELEASING = YES;
				CLANG_WARN_BOOL_CONVERSION = YES;
				CLANG_WARN_COMMA = YES;
				CLANG_WARN_CONSTANT_CONVERSION = YES;
				CLANG_WARN_DEPRECATED_OBJC_IMPLEMENTATIONS = YES;
				CLANG_WARN_DIRECT_OBJC_ISA_USAGE = YES_ERROR;
				CLANG_WARN_DOCUMENTATION_COMMENTS = YES;
				CLANG_WARN_EMPTY_BODY = YES;
				CLANG_WARN_ENUM_CONVERSION = YES;
				CLANG_WARN_INFINITE_RECURSION = YES;
				CLANG_WARN_INT_CONVERSION = YES;
				CLANG_WARN_NON_LITERAL_NULL_CONVERSION = YES;
				CLANG_WARN_OBJC_IMPLICIT_RETAIN_SELF = YES;
				CLANG_WARN_OBJC_LITERAL_CONVERSION = YES;
				CLANG_WARN_OBJC_ROOT_CLASS = YES_ERROR;
				CLANG_WARN_QUOTED_INCLUDE_IN_FRAMEWORK_HEADER = YES;
				CLANG_WARN_RANGE_LOOP_ANALYSIS = YES;
				CLANG_WARN_STRICT_PROTOTYPES = YES;
				CLANG_WARN_SUSPICIOUS_MOVE = YES;
				CLANG_WARN_UNGUARDED_AVAILABILITY = YES_AGGRESSIVE;
				CLANG_WARN_UNREACHABLE_CODE = YES;
				CLANG_WARN__DUPLICATE_METHOD_MATCH = YES;
				COPY_PHASE_STRIP = NO;
				DEBUG_INFORMATION_FORMAT = "dwarf-with-dsym";
				ENABLE_NS_ASSERTIONS = NO;
				ENABLE_STRICT_OBJC_MSGSEND = YES;
				GCC_C_LANGUAGE_STANDARD = gnu11;
				GCC_NO_COMMON_BLOCKS = YES;
				GCC_WARN_64_TO_32_BIT_CONVERSION = YES;
				GCC_WARN_ABOUT_RETURN_TYPE = YES_ERROR;
				GCC_WARN_UNDECLARED_SELECTOR = YES;
				GCC_WARN_UNINITIALIZED_AUTOS = YES_AGGRESSIVE;
				GCC_WARN_UNUSED_FUNCTION = YES;
				GCC_WARN_UNUSED_VARIABLE = YES;
				MTL_ENABLE_DEBUG_INFO = NO;
				MTL_FAST_MATH = YES;
				SWIFT_COMPILATION_MODE = wholemodule;
				SWIFT_OPTIMIZATION_LEVEL = "-O";
			};
			name = Release;
		};
		FA2EBD512853DB9000DEA47C /* Debug */ = {
			isa = XCBuildConfiguration;
			buildSettings = {
				ASSETCATALOG_COMPILER_APPICON_NAME = AppIcon;
				ASSETCATALOG_COMPILER_GLOBAL_ACCENT_COLOR_NAME = AccentColor;
				CODE_SIGN_ENTITLEMENTS = ColorPalettesInterpolation/ColorPalettesInterpolation.entitlements;
				CODE_SIGN_STYLE = Automatic;
				CURRENT_PROJECT_VERSION = 1;
				DEVELOPMENT_ASSET_PATHS = "\"ColorPalettesInterpolation/Preview Content\"";
				DEVELOPMENT_TEAM = N2YEKRS9JS;
				ENABLE_HARDENED_RUNTIME = YES;
				ENABLE_PREVIEWS = YES;
				GENERATE_INFOPLIST_FILE = YES;
				"INFOPLIST_KEY_UILaunchScreen_Generation[sdk=iphoneos*]" = YES;
				"INFOPLIST_KEY_UILaunchScreen_Generation[sdk=iphonesimulator*]" = YES;
				INFOPLIST_KEY_UISupportedInterfaceOrientations_iPad = "UIInterfaceOrientationPortrait UIInterfaceOrientationPortraitUpsideDown UIInterfaceOrientationLandscapeLeft UIInterfaceOrientationLandscapeRight";
				INFOPLIST_KEY_UISupportedInterfaceOrientations_iPhone = "UIInterfaceOrientationPortrait UIInterfaceOrientationLandscapeLeft UIInterfaceOrientationLandscapeRight";
				IPHONEOS_DEPLOYMENT_TARGET = 16.0;
				LD_RUNPATH_SEARCH_PATHS = "@executable_path/Frameworks";
				"LD_RUNPATH_SEARCH_PATHS[sdk=macosx*]" = "@executable_path/../Frameworks";
				MACOSX_DEPLOYMENT_TARGET = 12.4;
				MARKETING_VERSION = 1.0;
				PRODUCT_BUNDLE_IDENTIFIER = com.meatfreezer.ColorPalettesInterpolation;
				PRODUCT_NAME = "$(TARGET_NAME)";
				SDKROOT = auto;
				SUPPORTED_PLATFORMS = "iphoneos iphonesimulator macosx";
				SWIFT_EMIT_LOC_STRINGS = YES;
				SWIFT_VERSION = 5.0;
				TARGETED_DEVICE_FAMILY = "1,2";
			};
			name = Debug;
		};
		FA2EBD522853DB9000DEA47C /* Release */ = {
			isa = XCBuildConfiguration;
			buildSettings = {
				ASSETCATALOG_COMPILER_APPICON_NAME = AppIcon;
				ASSETCATALOG_COMPILER_GLOBAL_ACCENT_COLOR_NAME = AccentColor;
				CODE_SIGN_ENTITLEMENTS = ColorPalettesInterpolation/ColorPalettesInterpolation.entitlements;
				CODE_SIGN_STYLE = Automatic;
				CURRENT_PROJECT_VERSION = 1;
				DEVELOPMENT_ASSET_PATHS = "\"ColorPalettesInterpolation/Preview Content\"";
				DEVELOPMENT_TEAM = N2YEKRS9JS;
				ENABLE_HARDENED_RUNTIME = YES;
				ENABLE_PREVIEWS = YES;
				GENERATE_INFOPLIST_FILE = YES;
				"INFOPLIST_KEY_UILaunchScreen_Generation[sdk=iphoneos*]" = YES;
				"INFOPLIST_KEY_UILaunchScreen_Generation[sdk=iphonesimulator*]" = YES;
				INFOPLIST_KEY_UISupportedInterfaceOrientations_iPad = "UIInterfaceOrientationPortrait UIInterfaceOrientationPortraitUpsideDown UIInterfaceOrientationLandscapeLeft UIInterfaceOrientationLandscapeRight";
				INFOPLIST_KEY_UISupportedInterfaceOrientations_iPhone = "UIInterfaceOrientationPortrait UIInterfaceOrientationLandscapeLeft UIInterfaceOrientationLandscapeRight";
				IPHONEOS_DEPLOYMENT_TARGET = 16.0;
				LD_RUNPATH_SEARCH_PATHS = "@executable_path/Frameworks";
				"LD_RUNPATH_SEARCH_PATHS[sdk=macosx*]" = "@executable_path/../Frameworks";
				MACOSX_DEPLOYMENT_TARGET = 12.4;
				MARKETING_VERSION = 1.0;
				PRODUCT_BUNDLE_IDENTIFIER = com.meatfreezer.ColorPalettesInterpolation;
				PRODUCT_NAME = "$(TARGET_NAME)";
				SDKROOT = auto;
				SUPPORTED_PLATFORMS = "iphoneos iphonesimulator macosx";
				SWIFT_EMIT_LOC_STRINGS = YES;
				SWIFT_VERSION = 5.0;
				TARGETED_DEVICE_FAMILY = "1,2";
			};
			name = Release;
		};
/* End XCBuildConfiguration section */

/* Begin XCConfigurationList section */
		FA2EBD3C2853DB8F00DEA47C /* Build configuration list for PBXProject "ColorPalettesInterpolation" */ = {
			isa = XCConfigurationList;
			buildConfigurations = (
				FA2EBD4E2853DB9000DEA47C /* Debug */,
				FA2EBD4F2853DB9000DEA47C /* Release */,
			);
			defaultConfigurationIsVisible = 0;
			defaultConfigurationName = Release;
		};
		FA2EBD502853DB9000DEA47C /* Build configuration list for PBXNativeTarget "ColorPalettesInterpolation" */ = {
			isa = XCConfigurationList;
			buildConfigurations = (
				FA2EBD512853DB9000DEA47C /* Debug */,
				FA2EBD522853DB9000DEA47C /* Release */,
			);
			defaultConfigurationIsVisible = 0;
			defaultConfigurationName = Release;
		};
/* End XCConfigurationList section */
	};
	rootObject = FA2EBD392853DB8F00DEA47C /* Project object */;
}
